
Microsoft Visual Studio Solution File, Format Version 12.00
# Visual Studio Version 16
VisualStudioVersion = 16.0.31729.503
MinimumVisualStudioVersion = 10.0.40219.1
Project("{FAE04EC0-301F-11D3-BF4B-00C04F79EFBC}") = "MID_09156242_2", "MID_09156242_2\MID_09156242_2.csproj", "{0C761AB2-BE6D-47FE-9FFD-2C739B93670E}"
EndProject
Global
	GlobalSection(SolutionConfigurationPlatforms) = preSolution
		Debug|Any CPU = Debug|Any CPU
		Release|Any CPU = Release|Any CPU
	EndGlobalSection
	GlobalSection(ProjectConfigurationPlatforms) = postSolution
		{0C761AB2-BE6D-47FE-9FFD-2C739B93670E}.Debug|Any CPU.ActiveCfg = Debug|Any CPU
		{0C761AB2-BE6D-47FE-9FFD-2C739B93670E}.Debug|Any CPU.Build.0 = Debug|Any CPU
		{0C761AB2-BE6D-47FE-9FFD-2C739B93670E}.Release|Any CPU.ActiveCfg = Release|Any CPU
		{0C761AB2-BE6D-47FE-9FFD-2C739B93670E}.Release|Any CPU.Build.0 = Release|Any CPU
	EndGlobalSection
	GlobalSection(SolutionProperties) = preSolution
		HideSolutionNode = FALSE
	EndGlobalSection
	GlobalSection(ExtensibilityGlobals) = postSolution
		SolutionGuid = {92BDC5D3-124C-4BE8-BD9E-38CDF88BEC92}
	EndGlobalSection
EndGlobal
